{
    "name": "mineflared",
    "version": "0.0.0",
    "lockfileVersion": 2,
    "requires": true,
    "packages": {
        "": {
            "name": "mineflared",
            "version": "0.0.0",
            "dependencies": {
                "@tauri-apps/plugin-dialog": "^2.0.1",
                "@tauri-apps/plugin-fs": "^2.0.2",
                "@tauri-apps/plugin-http": "^2.0.1",
                "@tauri-apps/plugin-os": "^2.0.0",
                "@tauri-apps/plugin-process": "^2.0.0",
                "@tauri-apps/plugin-shell": "^2.0.1",
                "@tauri-apps/plugin-updater": "^2.0.0"
            },
            "devDependencies": {
                "@tauri-apps/cli": "^2.1.0"
            }
        },
        "node_modules/@tauri-apps/api": {
            "version": "2.1.1",
            "resolved": "https://registry.npmjs.org/@tauri-apps/api/-/api-2.1.1.tgz",
            "integrity": "sha512-fzUfFFKo4lknXGJq8qrCidkUcKcH2UHhfaaCNt4GzgzGaW2iS26uFOg4tS3H4P8D6ZEeUxtiD5z0nwFF0UN30A==",
            "funding": {
                "type": "opencollective",
                "url": "https://opencollective.com/tauri"
            }
        },
        "node_modules/@tauri-apps/cli": {
            "version": "2.1.0",
            "resolved": "https://registry.npmjs.org/@tauri-apps/cli/-/cli-2.1.0.tgz",
            "integrity": "sha512-K2VhcKqBhAeS5pNOVdnR/xQRU6jwpgmkSL2ejHXcl0m+kaTggT0WRDQnFtPq6NljA7aE03cvwsbCAoFG7vtkJw==",
            "dev": true,
            "bin": {
                "tauri": "tauri.js"
            },
            "engines": {
                "node": ">= 10"
            },
            "funding": {
                "type": "opencollective",
                "url": "https://opencollective.com/tauri"
            },
            "optionalDependencies": {
                "@tauri-apps/cli-darwin-arm64": "2.1.0",
                "@tauri-apps/cli-darwin-x64": "2.1.0",
                "@tauri-apps/cli-linux-arm-gnueabihf": "2.1.0",
                "@tauri-apps/cli-linux-arm64-gnu": "2.1.0",
                "@tauri-apps/cli-linux-arm64-musl": "2.1.0",
                "@tauri-apps/cli-linux-x64-gnu": "2.1.0",
                "@tauri-apps/cli-linux-x64-musl": "2.1.0",
                "@tauri-apps/cli-win32-arm64-msvc": "2.1.0",
                "@tauri-apps/cli-win32-ia32-msvc": "2.1.0",
                "@tauri-apps/cli-win32-x64-msvc": "2.1.0"
            }
        },
        "node_modules/@tauri-apps/cli-darwin-arm64": {
            "version": "2.1.0",
            "resolved": "https://registry.npmjs.org/@tauri-apps/cli-darwin-arm64/-/cli-darwin-arm64-2.1.0.tgz",
            "integrity": "sha512-ESc6J6CE8hl1yKH2vJ+ALF+thq4Be+DM1mvmTyUCQObvezNCNhzfS6abIUd3ou4x5RGH51ouiANeT3wekU6dCw==",
            "cpu": [
                "arm64"
            ],
            "dev": true,
            "optional": true,
            "os": [
                "darwin"
            ],
            "engines": {
                "node": ">= 10"
            }
        },
        "node_modules/@tauri-apps/cli-darwin-x64": {
            "version": "2.1.0",
            "resolved": "https://registry.npmjs.org/@tauri-apps/cli-darwin-x64/-/cli-darwin-x64-2.1.0.tgz",
            "integrity": "sha512-TasHS442DFs8cSH2eUQzuDBXUST4ECjCd0yyP+zZzvAruiB0Bg+c8A+I/EnqCvBQ2G2yvWLYG8q/LI7c87A5UA==",
            "cpu": [
                "x64"
            ],
            "dev": true,
            "optional": true,
            "os": [
                "darwin"
            ],
            "engines": {
                "node": ">= 10"
            }
        },
        "node_modules/@tauri-apps/cli-linux-arm-gnueabihf": {
            "version": "2.1.0",
            "resolved": "https://registry.npmjs.org/@tauri-apps/cli-linux-arm-gnueabihf/-/cli-linux-arm-gnueabihf-2.1.0.tgz",
            "integrity": "sha512-aP7ZBGNL4ny07Cbb6kKpUOSrmhcIK2KhjviTzYlh+pPhAptxnC78xQGD3zKQkTi2WliJLPmBYbOHWWQa57lQ9w==",
            "cpu": [
                "arm"
            ],
            "dev": true,
            "optional": true,
            "os": [
                "linux"
            ],
            "engines": {
                "node": ">= 10"
            }
        },
        "node_modules/@tauri-apps/cli-linux-arm64-gnu": {
            "version": "2.1.0",
            "resolved": "https://registry.npmjs.org/@tauri-apps/cli-linux-arm64-gnu/-/cli-linux-arm64-gnu-2.1.0.tgz",
            "integrity": "sha512-ZTdgD5gLeMCzndMT2f358EkoYkZ5T+Qy6zPzU+l5vv5M7dHVN9ZmblNAYYXmoOuw7y+BY4X/rZvHV9pcGrcanQ==",
            "cpu": [
                "arm64"
            ],
            "dev": true,
            "optional": true,
            "os": [
                "linux"
            ],
            "engines": {
                "node": ">= 10"
            }
        },
        "node_modules/@tauri-apps/cli-linux-arm64-musl": {
            "version": "2.1.0",
            "resolved": "https://registry.npmjs.org/@tauri-apps/cli-linux-arm64-musl/-/cli-linux-arm64-musl-2.1.0.tgz",
            "integrity": "sha512-NzwqjUCilhnhJzusz3d/0i0F1GFrwCQbkwR6yAHUxItESbsGYkZRJk0yMEWkg3PzFnyK4cWTlQJMEU52TjhEzA==",
            "cpu": [
                "arm64"
            ],
            "dev": true,
            "optional": true,
            "os": [
                "linux"
            ],
            "engines": {
                "node": ">= 10"
            }
        },
        "node_modules/@tauri-apps/cli-linux-x64-gnu": {
            "version": "2.1.0",
            "resolved": "https://registry.npmjs.org/@tauri-apps/cli-linux-x64-gnu/-/cli-linux-x64-gnu-2.1.0.tgz",
            "integrity": "sha512-TyiIpMEtZxNOQmuFyfJwaaYbg3movSthpBJLIdPlKxSAB2BW0VWLY3/ZfIxm/G2YGHyREkjJvimzYE0i37PnMA==",
            "cpu": [
                "x64"
            ],
            "dev": true,
            "optional": true,
            "os": [
                "linux"
            ],
            "engines": {
                "node": ">= 10"
            }
        },
        "node_modules/@tauri-apps/cli-linux-x64-musl": {
            "version": "2.1.0",
            "resolved": "https://registry.npmjs.org/@tauri-apps/cli-linux-x64-musl/-/cli-linux-x64-musl-2.1.0.tgz",
            "integrity": "sha512-/dQd0TlaxBdJACrR72DhynWftzHDaX32eBtS5WBrNJ+nnNb+znM3gON6nJ9tSE9jgDa6n1v2BkI/oIDtypfUXw==",
            "cpu": [
                "x64"
            ],
            "dev": true,
            "optional": true,
            "os": [
                "linux"
            ],
            "engines": {
                "node": ">= 10"
            }
        },
        "node_modules/@tauri-apps/cli-win32-arm64-msvc": {
            "version": "2.1.0",
            "resolved": "https://registry.npmjs.org/@tauri-apps/cli-win32-arm64-msvc/-/cli-win32-arm64-msvc-2.1.0.tgz",
            "integrity": "sha512-NdQJO7SmdYqOcE+JPU7bwg7+odfZMWO6g8xF9SXYCMdUzvM2Gv/AQfikNXz5yS7ralRhNFuW32i5dcHlxh4pDg==",
            "cpu": [
                "arm64"
            ],
            "dev": true,
            "optional": true,
            "os": [
                "win32"
            ],
            "engines": {
                "node": ">= 10"
            }
        },
        "node_modules/@tauri-apps/cli-win32-ia32-msvc": {
            "version": "2.1.0",
            "resolved": "https://registry.npmjs.org/@tauri-apps/cli-win32-ia32-msvc/-/cli-win32-ia32-msvc-2.1.0.tgz",
            "integrity": "sha512-f5h8gKT/cB8s1ticFRUpNmHqkmaLutT62oFDB7N//2YTXnxst7EpMIn1w+QimxTvTk2gcx6EcW6bEk/y2hZGzg==",
            "cpu": [
                "ia32"
            ],
            "dev": true,
            "optional": true,
            "os": [
                "win32"
            ],
            "engines": {
                "node": ">= 10"
            }
        },
        "node_modules/@tauri-apps/cli-win32-x64-msvc": {
            "version": "2.1.0",
            "resolved": "https://registry.npmjs.org/@tauri-apps/cli-win32-x64-msvc/-/cli-win32-x64-msvc-2.1.0.tgz",
            "integrity": "sha512-P/+LrdSSb5Xbho1LRP4haBjFHdyPdjWvGgeopL96OVtrFpYnfC+RctB45z2V2XxqFk3HweDDxk266btjttfjGw==",
            "cpu": [
                "x64"
            ],
            "dev": true,
            "optional": true,
            "os": [
                "win32"
            ],
            "engines": {
                "node": ">= 10"
            }
        },
        "node_modules/@tauri-apps/plugin-dialog": {
            "version": "2.0.1",
            "resolved": "https://registry.npmjs.org/@tauri-apps/plugin-dialog/-/plugin-dialog-2.0.1.tgz",
            "integrity": "sha512-fnUrNr6EfvTqdls/ufusU7h6UbNFzLKvHk/zTuOiBq01R3dTODqwctZlzakdbfSp/7pNwTKvgKTAgl/NAP/Z0Q==",
            "dependencies": {
                "@tauri-apps/api": "^2.0.0"
            }
        },
        "node_modules/@tauri-apps/plugin-fs": {
            "version": "2.0.2",
            "resolved": "https://registry.npmjs.org/@tauri-apps/plugin-fs/-/plugin-fs-2.0.2.tgz",
            "integrity": "sha512-4YZaX2j7ta81M5/DL8aN10kTnpUkEpkPo1FTYPT8Dd0ImHe3azM8i8MrtjrDGoyBYLPO3zFv7df/mSCYF8oA0Q==",
            "dependencies": {
                "@tauri-apps/api": "^2.0.0"
            }
        },
        "node_modules/@tauri-apps/plugin-http": {
            "version": "2.0.1",
            "resolved": "https://registry.npmjs.org/@tauri-apps/plugin-http/-/plugin-http-2.0.1.tgz",
            "integrity": "sha512-j6IA3pVBybSCwPpsihpX4z8bs6PluuGtr06ahL/xy4D8HunNBTmRmadJrFOQi0gOAbaig4MkQ15nzNLBLy8R1A==",
            "dependencies": {
                "@tauri-apps/api": "^2.0.0"
            }
        },
        "node_modules/@tauri-apps/plugin-os": {
            "version": "2.0.0",
            "resolved": "https://registry.npmjs.org/@tauri-apps/plugin-os/-/plugin-os-2.0.0.tgz",
            "integrity": "sha512-M7hG/nNyQYTJxVG/UhTKhp9mpXriwWzrs9mqDreB8mIgqA3ek5nHLdwRZJWhkKjZrnDT4v9CpA9BhYeplTlAiA==",
            "dependencies": {
                "@tauri-apps/api": "^2.0.0"
            }
        },
        "node_modules/@tauri-apps/plugin-process": {
            "version": "2.0.0",
            "resolved": "https://registry.npmjs.org/@tauri-apps/plugin-process/-/plugin-process-2.0.0.tgz",
            "integrity": "sha512-OYzi0GnkrF4NAnsHZU7U3tjSoP0PbeAlO7T1Z+vJoBUH9sFQ1NSLqWYWQyf8hcb3gVWe7P1JggjiskO+LST1ug==",
            "license": "MIT OR Apache-2.0",
            "dependencies": {
                "@tauri-apps/api": "^2.0.0"
            }
        },
        "node_modules/@tauri-apps/plugin-shell": {
            "version": "2.0.1",
            "resolved": "https://registry.npmjs.org/@tauri-apps/plugin-shell/-/plugin-shell-2.0.1.tgz",
            "integrity": "sha512-akU1b77sw3qHiynrK0s930y8zKmcdrSD60htjH+mFZqv5WaakZA/XxHR3/sF1nNv9Mgmt/Shls37HwnOr00aSw==",
            "dependencies": {
                "@tauri-apps/api": "^2.0.0"
            }
        },
        "node_modules/@tauri-apps/plugin-updater": {
            "version": "2.0.0",
            "resolved": "https://registry.npmjs.org/@tauri-apps/plugin-updater/-/plugin-updater-2.0.0.tgz",
            "integrity": "sha512-N0cl71g7RPr7zK2Fe5aoIwzw14NcdLcz7XMGFWZVjprsqgDRWoxbnUkknyCQMZthjhGkppCd/wN2MIsUz+eAhQ==",
            "license": "MIT OR Apache-2.0",
            "dependencies": {
                "@tauri-apps/api": "^2.0.0"
            }
        }
    },
    "dependencies": {
        "@tauri-apps/api": {
            "version": "2.1.1",
            "resolved": "https://registry.npmjs.org/@tauri-apps/api/-/api-2.1.1.tgz",
            "integrity": "sha512-fzUfFFKo4lknXGJq8qrCidkUcKcH2UHhfaaCNt4GzgzGaW2iS26uFOg4tS3H4P8D6ZEeUxtiD5z0nwFF0UN30A=="
        },
        "@tauri-apps/cli": {
            "version": "2.1.0",
            "resolved": "https://registry.npmjs.org/@tauri-apps/cli/-/cli-2.1.0.tgz",
            "integrity": "sha512-K2VhcKqBhAeS5pNOVdnR/xQRU6jwpgmkSL2ejHXcl0m+kaTggT0WRDQnFtPq6NljA7aE03cvwsbCAoFG7vtkJw==",
            "dev": true,
            "requires": {
                "@tauri-apps/cli-darwin-arm64": "2.1.0",
                "@tauri-apps/cli-darwin-x64": "2.1.0",
                "@tauri-apps/cli-linux-arm-gnueabihf": "2.1.0",
                "@tauri-apps/cli-linux-arm64-gnu": "2.1.0",
                "@tauri-apps/cli-linux-arm64-musl": "2.1.0",
                "@tauri-apps/cli-linux-x64-gnu": "2.1.0",
                "@tauri-apps/cli-linux-x64-musl": "2.1.0",
                "@tauri-apps/cli-win32-arm64-msvc": "2.1.0",
                "@tauri-apps/cli-win32-ia32-msvc": "2.1.0",
                "@tauri-apps/cli-win32-x64-msvc": "2.1.0"
            }
        },
        "@tauri-apps/cli-darwin-arm64": {
            "version": "2.1.0",
            "resolved": "https://registry.npmjs.org/@tauri-apps/cli-darwin-arm64/-/cli-darwin-arm64-2.1.0.tgz",
            "integrity": "sha512-ESc6J6CE8hl1yKH2vJ+ALF+thq4Be+DM1mvmTyUCQObvezNCNhzfS6abIUd3ou4x5RGH51ouiANeT3wekU6dCw==",
            "dev": true,
            "optional": true
        },
        "@tauri-apps/cli-darwin-x64": {
            "version": "2.1.0",
            "resolved": "https://registry.npmjs.org/@tauri-apps/cli-darwin-x64/-/cli-darwin-x64-2.1.0.tgz",
            "integrity": "sha512-TasHS442DFs8cSH2eUQzuDBXUST4ECjCd0yyP+zZzvAruiB0Bg+c8A+I/EnqCvBQ2G2yvWLYG8q/LI7c87A5UA==",
            "dev": true,
            "optional": true
        },
        "@tauri-apps/cli-linux-arm-gnueabihf": {
            "version": "2.1.0",
            "resolved": "https://registry.npmjs.org/@tauri-apps/cli-linux-arm-gnueabihf/-/cli-linux-arm-gnueabihf-2.1.0.tgz",
            "integrity": "sha512-aP7ZBGNL4ny07Cbb6kKpUOSrmhcIK2KhjviTzYlh+pPhAptxnC78xQGD3zKQkTi2WliJLPmBYbOHWWQa57lQ9w==",
            "dev": true,
            "optional": true
        },
        "@tauri-apps/cli-linux-arm64-gnu": {
            "version": "2.1.0",
            "resolved": "https://registry.npmjs.org/@tauri-apps/cli-linux-arm64-gnu/-/cli-linux-arm64-gnu-2.1.0.tgz",
            "integrity": "sha512-ZTdgD5gLeMCzndMT2f358EkoYkZ5T+Qy6zPzU+l5vv5M7dHVN9ZmblNAYYXmoOuw7y+BY4X/rZvHV9pcGrcanQ==",
            "dev": true,
            "optional": true
        },
        "@tauri-apps/cli-linux-arm64-musl": {
            "version": "2.1.0",
            "resolved": "https://registry.npmjs.org/@tauri-apps/cli-linux-arm64-musl/-/cli-linux-arm64-musl-2.1.0.tgz",
            "integrity": "sha512-NzwqjUCilhnhJzusz3d/0i0F1GFrwCQbkwR6yAHUxItESbsGYkZRJk0yMEWkg3PzFnyK4cWTlQJMEU52TjhEzA==",
            "dev": true,
            "optional": true
        },
        "@tauri-apps/cli-linux-x64-gnu": {
            "version": "2.1.0",
            "resolved": "https://registry.npmjs.org/@tauri-apps/cli-linux-x64-gnu/-/cli-linux-x64-gnu-2.1.0.tgz",
            "integrity": "sha512-TyiIpMEtZxNOQmuFyfJwaaYbg3movSthpBJLIdPlKxSAB2BW0VWLY3/ZfIxm/G2YGHyREkjJvimzYE0i37PnMA==",
            "dev": true,
            "optional": true
        },
        "@tauri-apps/cli-linux-x64-musl": {
            "version": "2.1.0",
            "resolved": "https://registry.npmjs.org/@tauri-apps/cli-linux-x64-musl/-/cli-linux-x64-musl-2.1.0.tgz",
            "integrity": "sha512-/dQd0TlaxBdJACrR72DhynWftzHDaX32eBtS5WBrNJ+nnNb+znM3gON6nJ9tSE9jgDa6n1v2BkI/oIDtypfUXw==",
            "dev": true,
            "optional": true
        },
        "@tauri-apps/cli-win32-arm64-msvc": {
            "version": "2.1.0",
            "resolved": "https://registry.npmjs.org/@tauri-apps/cli-win32-arm64-msvc/-/cli-win32-arm64-msvc-2.1.0.tgz",
            "integrity": "sha512-NdQJO7SmdYqOcE+JPU7bwg7+odfZMWO6g8xF9SXYCMdUzvM2Gv/AQfikNXz5yS7ralRhNFuW32i5dcHlxh4pDg==",
            "dev": true,
            "optional": true
        },
        "@tauri-apps/cli-win32-ia32-msvc": {
            "version": "2.1.0",
            "resolved": "https://registry.npmjs.org/@tauri-apps/cli-win32-ia32-msvc/-/cli-win32-ia32-msvc-2.1.0.tgz",
            "integrity": "sha512-f5h8gKT/cB8s1ticFRUpNmHqkmaLutT62oFDB7N//2YTXnxst7EpMIn1w+QimxTvTk2gcx6EcW6bEk/y2hZGzg==",
            "dev": true,
            "optional": true
        },
        "@tauri-apps/cli-win32-x64-msvc": {
            "version": "2.1.0",
            "resolved": "https://registry.npmjs.org/@tauri-apps/cli-win32-x64-msvc/-/cli-win32-x64-msvc-2.1.0.tgz",
            "integrity": "sha512-P/+LrdSSb5Xbho1LRP4haBjFHdyPdjWvGgeopL96OVtrFpYnfC+RctB45z2V2XxqFk3HweDDxk266btjttfjGw==",
            "dev": true,
            "optional": true
        },
        "@tauri-apps/plugin-dialog": {
            "version": "2.0.1",
            "resolved": "https://registry.npmjs.org/@tauri-apps/plugin-dialog/-/plugin-dialog-2.0.1.tgz",
            "integrity": "sha512-fnUrNr6EfvTqdls/ufusU7h6UbNFzLKvHk/zTuOiBq01R3dTODqwctZlzakdbfSp/7pNwTKvgKTAgl/NAP/Z0Q==",
            "requires": {
                "@tauri-apps/api": "^2.0.0"
            }
        },
        "@tauri-apps/plugin-fs": {
            "version": "2.0.2",
            "resolved": "https://registry.npmjs.org/@tauri-apps/plugin-fs/-/plugin-fs-2.0.2.tgz",
            "integrity": "sha512-4YZaX2j7ta81M5/DL8aN10kTnpUkEpkPo1FTYPT8Dd0ImHe3azM8i8MrtjrDGoyBYLPO3zFv7df/mSCYF8oA0Q==",
            "requires": {
                "@tauri-apps/api": "^2.0.0"
            }
        },
        "@tauri-apps/plugin-http": {
            "version": "2.0.1",
            "resolved": "https://registry.npmjs.org/@tauri-apps/plugin-http/-/plugin-http-2.0.1.tgz",
            "integrity": "sha512-j6IA3pVBybSCwPpsihpX4z8bs6PluuGtr06ahL/xy4D8HunNBTmRmadJrFOQi0gOAbaig4MkQ15nzNLBLy8R1A==",
            "requires": {
                "@tauri-apps/api": "^2.0.0"
            }
        },
        "@tauri-apps/plugin-os": {
            "version": "2.0.0",
            "resolved": "https://registry.npmjs.org/@tauri-apps/plugin-os/-/plugin-os-2.0.0.tgz",
            "integrity": "sha512-M7hG/nNyQYTJxVG/UhTKhp9mpXriwWzrs9mqDreB8mIgqA3ek5nHLdwRZJWhkKjZrnDT4v9CpA9BhYeplTlAiA==",
            "requires": {
                "@tauri-apps/api": "^2.0.0"
            }
        },
        "@tauri-apps/plugin-process": {
            "version": "2.0.0",
            "resolved": "https://registry.npmjs.org/@tauri-apps/plugin-process/-/plugin-process-2.0.0.tgz",
            "integrity": "sha512-OYzi0GnkrF4NAnsHZU7U3tjSoP0PbeAlO7T1Z+vJoBUH9sFQ1NSLqWYWQyf8hcb3gVWe7P1JggjiskO+LST1ug==",
            "requires": {
                "@tauri-apps/api": "^2.0.0"
            }
        },
        "@tauri-apps/plugin-shell": {
            "version": "2.0.1",
            "resolved": "https://registry.npmjs.org/@tauri-apps/plugin-shell/-/plugin-shell-2.0.1.tgz",
            "integrity": "sha512-akU1b77sw3qHiynrK0s930y8zKmcdrSD60htjH+mFZqv5WaakZA/XxHR3/sF1nNv9Mgmt/Shls37HwnOr00aSw==",
            "requires": {
                "@tauri-apps/api": "^2.0.0"
            }
        },
        "@tauri-apps/plugin-updater": {
            "version": "2.0.0",
            "resolved": "https://registry.npmjs.org/@tauri-apps/plugin-updater/-/plugin-updater-2.0.0.tgz",
            "integrity": "sha512-N0cl71g7RPr7zK2Fe5aoIwzw14NcdLcz7XMGFWZVjprsqgDRWoxbnUkknyCQMZthjhGkppCd/wN2MIsUz+eAhQ==",
            "requires": {
                "@tauri-apps/api": "^2.0.0"
            }
        }
    }
}
